
Microsoft Visual Studio Solution File, Format Version 12.00
# Visual Studio 15
VisualStudioVersion = 15.0.28307.645
MinimumVisualStudioVersion = 10.0.40219.1
Project("{8BC9CEB8-8B4A-11D0-8D11-00A0C91BC942}") = "average", "average\average.vcxproj", "{DC0031E8-96F2-4A5E-9394-BD119948A246}"
EndProject
Project("{8BC9CEB8-8B4A-11D0-8D11-00A0C91BC942}") = "OX_Quiz", "OX_Quiz\OX_Quiz.vcxproj", "{A9E322DE-6F89-4FD9-B095-23400FA11B78}"
EndProject
Project("{8BC9CEB8-8B4A-11D0-8D11-00A0C91BC942}") = "Univ_average", "Univ_average\Univ_average.vcxproj", "{6883B364-C1BD-4714-9504-5304D735C9E9}"
EndProject
Project("{8BC9CEB8-8B4A-11D0-8D11-00A0C91BC942}") = "Max_Min", "Max_Min\Max_Min.vcxproj", "{0F3C5C8A-A9F3-47C3-B75B-A5AFB5315305}"
EndProject
Project("{8BC9CEB8-8B4A-11D0-8D11-00A0C91BC942}") = "Find_maxNum", "Find_maxNum\Find_maxNum.vcxproj", "{BDF57557-DC47-4BCC-85B8-538B459812E0}"
EndProject
Project("{8BC9CEB8-8B4A-11D0-8D11-00A0C91BC942}") = "Count", "Count\Count.vcxproj", "{E47CCA52-FCB8-4D67-8FD8-74E5AD9C5B9C}"
EndProject
Project("{8BC9CEB8-8B4A-11D0-8D11-00A0C91BC942}") = "Mod_count", "Mod_count\Mod_count.vcxproj", "{3AD45EAF-B824-475D-9D54-3A9ECEE8A49A}"
EndProject
Global
	GlobalSection(SolutionConfigurationPlatforms) = preSolution
		Debug|x64 = Debug|x64
		Debug|x86 = Debug|x86
		Release|x64 = Release|x64
		Release|x86 = Release|x86
	EndGlobalSection
	GlobalSection(ProjectConfigurationPlatforms) = postSolution
		{DC0031E8-96F2-4A5E-9394-BD119948A246}.Debug|x64.ActiveCfg = Debug|x64
		{DC0031E8-96F2-4A5E-9394-BD119948A246}.Debug|x64.Build.0 = Debug|x64
		{DC0031E8-96F2-4A5E-9394-BD119948A246}.Debug|x86.ActiveCfg = Debug|Win32
		{DC0031E8-96F2-4A5E-9394-BD119948A246}.Debug|x86.Build.0 = Debug|Win32
		{DC0031E8-96F2-4A5E-9394-BD119948A246}.Release|x64.ActiveCfg = Release|x64
		{DC0031E8-96F2-4A5E-9394-BD119948A246}.Release|x64.Build.0 = Release|x64
		{DC0031E8-96F2-4A5E-9394-BD119948A246}.Release|x86.ActiveCfg = Release|Win32
		{DC0031E8-96F2-4A5E-9394-BD119948A246}.Release|x86.Build.0 = Release|Win32
		{A9E322DE-6F89-4FD9-B095-23400FA11B78}.Debug|x64.ActiveCfg = Debug|x64
		{A9E322DE-6F89-4FD9-B095-23400FA11B78}.Debug|x64.Build.0 = Debug|x64
		{A9E322DE-6F89-4FD9-B095-23400FA11B78}.Debug|x86.ActiveCfg = Debug|Win32
		{A9E322DE-6F89-4FD9-B095-23400FA11B78}.Debug|x86.Build.0 = Debug|Win32
		{A9E322DE-6F89-4FD9-B095-23400FA11B78}.Release|x64.ActiveCfg = Release|x64
		{A9E322DE-6F89-4FD9-B095-23400FA11B78}.Release|x64.Build.0 = Release|x64
		{A9E322DE-6F89-4FD9-B095-23400FA11B78}.Release|x86.ActiveCfg = Release|Win32
		{A9E322DE-6F89-4FD9-B095-23400FA11B78}.Release|x86.Build.0 = Release|Win32
		{6883B364-C1BD-4714-9504-5304D735C9E9}.Debug|x64.ActiveCfg = Debug|x64
		{6883B364-C1BD-4714-9504-5304D735C9E9}.Debug|x64.Build.0 = Debug|x64
		{6883B364-C1BD-4714-9504-5304D735C9E9}.Debug|x86.ActiveCfg = Debug|Win32
		{6883B364-C1BD-4714-9504-5304D735C9E9}.Debug|x86.Build.0 = Debug|Win32
		{6883B364-C1BD-4714-9504-5304D735C9E9}.Release|x64.ActiveCfg = Release|x64
		{6883B364-C1BD-4714-9504-5304D735C9E9}.Release|x64.Build.0 = Release|x64
		{6883B364-C1BD-4714-9504-5304D735C9E9}.Release|x86.ActiveCfg = Release|Win32
		{6883B364-C1BD-4714-9504-5304D735C9E9}.Release|x86.Build.0 = Release|Win32
		{0F3C5C8A-A9F3-47C3-B75B-A5AFB5315305}.Debug|x64.ActiveCfg = Debug|x64
		{0F3C5C8A-A9F3-47C3-B75B-A5AFB5315305}.Debug|x64.Build.0 = Debug|x64
		{0F3C5C8A-A9F3-47C3-B75B-A5AFB5315305}.Debug|x86.ActiveCfg = Debug|Win32
		{0F3C5C8A-A9F3-47C3-B75B-A5AFB5315305}.Debug|x86.Build.0 = Debug|Win32
		{0F3C5C8A-A9F3-47C3-B75B-A5AFB5315305}.Release|x64.ActiveCfg = Release|x64
		{0F3C5C8A-A9F3-47C3-B75B-A5AFB5315305}.Release|x64.Build.0 = Release|x64
		{0F3C5C8A-A9F3-47C3-B75B-A5AFB5315305}.Release|x86.ActiveCfg = Release|Win32
		{0F3C5C8A-A9F3-47C3-B75B-A5AFB5315305}.Release|x86.Build.0 = Release|Win32
		{BDF57557-DC47-4BCC-85B8-538B459812E0}.Debug|x64.ActiveCfg = Debug|x64
		{BDF57557-DC47-4BCC-85B8-538B459812E0}.Debug|x64.Build.0 = Debug|x64
		{BDF57557-DC47-4BCC-85B8-538B459812E0}.Debug|x86.ActiveCfg = Debug|Win32
		{BDF57557-DC47-4BCC-85B8-538B459812E0}.Debug|x86.Build.0 = Debug|Win32
		{BDF57557-DC47-4BCC-85B8-538B459812E0}.Release|x64.ActiveCfg = Release|x64
		{BDF57557-DC47-4BCC-85B8-538B459812E0}.Release|x64.Build.0 = Release|x64
		{BDF57557-DC47-4BCC-85B8-538B459812E0}.Release|x86.ActiveCfg = Release|Win32
		{BDF57557-DC47-4BCC-85B8-538B459812E0}.Release|x86.Build.0 = Release|Win32
		{E47CCA52-FCB8-4D67-8FD8-74E5AD9C5B9C}.Debug|x64.ActiveCfg = Debug|x64
		{E47CCA52-FCB8-4D67-8FD8-74E5AD9C5B9C}.Debug|x64.Build.0 = Debug|x64
		{E47CCA52-FCB8-4D67-8FD8-74E5AD9C5B9C}.Debug|x86.ActiveCfg = Debug|Win32
		{E47CCA52-FCB8-4D67-8FD8-74E5AD9C5B9C}.Debug|x86.Build.0 = Debug|Win32
		{E47CCA52-FCB8-4D67-8FD8-74E5AD9C5B9C}.Release|x64.ActiveCfg = Release|x64
		{E47CCA52-FCB8-4D67-8FD8-74E5AD9C5B9C}.Release|x64.Build.0 = Release|x64
		{E47CCA52-FCB8-4D67-8FD8-74E5AD9C5B9C}.Release|x86.ActiveCfg = Release|Win32
		{E47CCA52-FCB8-4D67-8FD8-74E5AD9C5B9C}.Release|x86.Build.0 = Release|Win32
		{3AD45EAF-B824-475D-9D54-3A9ECEE8A49A}.Debug|x64.ActiveCfg = Debug|x64
		{3AD45EAF-B824-475D-9D54-3A9ECEE8A49A}.Debug|x64.Build.0 = Debug|x64
		{3AD45EAF-B824-475D-9D54-3A9ECEE8A49A}.Debug|x86.ActiveCfg = Debug|Win32
		{3AD45EAF-B824-475D-9D54-3A9ECEE8A49A}.Debug|x86.Build.0 = Debug|Win32
		{3AD45EAF-B824-475D-9D54-3A9ECEE8A49A}.Release|x64.ActiveCfg = Release|x64
		{3AD45EAF-B824-475D-9D54-3A9ECEE8A49A}.Release|x64.Build.0 = Release|x64
		{3AD45EAF-B824-475D-9D54-3A9ECEE8A49A}.Release|x86.ActiveCfg = Release|Win32
		{3AD45EAF-B824-475D-9D54-3A9ECEE8A49A}.Release|x86.Build.0 = Release|Win32
	EndGlobalSection
	GlobalSection(SolutionProperties) = preSolution
		HideSolutionNode = FALSE
	EndGlobalSection
	GlobalSection(ExtensibilityGlobals) = postSolution
		SolutionGuid = {7A589494-3927-4868-9BDC-4413EB8C0EE5}
	EndGlobalSection
EndGlobal
